
Microsoft Visual Studio Solution File, Format Version 12.00
# Visual Studio Version 16
VisualStudioVersion = 16.0.33423.256
MinimumVisualStudioVersion = 10.0.40219.1
Project("{FAE04EC0-301F-11D3-BF4B-00C04F79EFBC}") = "Pacman", "Pacman.csproj", "{5F46AAD7-D6E6-4CB5-AB40-77A6625EC283}"
EndProject
Global
	GlobalSection(SolutionConfigurationPlatforms) = preSolution
		Debug|Any CPU = Debug|Any CPU
		Release|Any CPU = Release|Any CPU
	EndGlobalSection
	GlobalSection(ProjectConfigurationPlatforms) = postSolution
		{5F46AAD7-D6E6-4CB5-AB40-77A6625EC283}.Debug|Any CPU.ActiveCfg = Debug|Any CPU
		{5F46AAD7-D6E6-4CB5-AB40-77A6625EC283}.Debug|Any CPU.Build.0 = Debug|Any CPU
		{5F46AAD7-D6E6-4CB5-AB40-77A6625EC283}.Release|Any CPU.ActiveCfg = Release|Any CPU
		{5F46AAD7-D6E6-4CB5-AB40-77A6625EC283}.Release|Any CPU.Build.0 = Release|Any CPU
	EndGlobalSection
	GlobalSection(SolutionProperties) = preSolution
		HideSolutionNode = FALSE
	EndGlobalSection
	GlobalSection(ExtensibilityGlobals) = postSolution
		SolutionGuid = {DBF41278-4ED4-4A1E-B590-A14B5A43369A}
	EndGlobalSection
EndGlobal
